// !$*UTF8*$!
{
	archiveVersion = 1;
	classes = {
	};
	objectVersion = 50;
	objects = {

/* Begin PBXBuildFile section */
		4099E60F25B0005100C1590D /* RoshamboApp.swift in Sources */ = {isa = PBXBuildFile; fileRef = 4099E60E25B0005100C1590D /* RoshamboApp.swift */; };
		4099E61125B0005100C1590D /* ContentView.swift in Sources */ = {isa = PBXBuildFile; fileRef = 4099E61025B0005100C1590D /* ContentView.swift */; };
		4099E61325B0005100C1590D /* Assets.xcassets in Resources */ = {isa = PBXBuildFile; fileRef = 4099E61225B0005100C1590D /* Assets.xcassets */; };
		4099E61625B0005100C1590D /* Preview Assets.xcassets in Resources */ = {isa = PBXBuildFile; fileRef = 4099E61525B0005100C1590D /* Preview Assets.xcassets */; };
		4099E62125B0005100C1590D /* RoshamboTests.swift in Sources */ = {isa = PBXBuildFile; fileRef = 4099E62025B0005100C1590D /* RoshamboTests.swift */; };
		4099E62C25B0005100C1590D /* RoshamboUITests.swift in Sources */ = {isa = PBXBuildFile; fileRef = 4099E62B25B0005100C1590D /* RoshamboUITests.swift */; };
/* End PBXBuildFile section */

/* Begin PBXContainerItemProxy section */
		4099E61D25B0005100C1590D /* PBXContainerItemProxy */ = {
			isa = PBXContainerItemProxy;
			containerPortal = 4099E60325B0005100C1590D /* Project object */;
			proxyType = 1;
			remoteGlobalIDString = 4099E60A25B0005100C1590D;
			remoteInfo = Roshambo;
		};
		4099E62825B0005100C1590D /* PBXContainerItemProxy */ = {
			isa = PBXContainerItemProxy;
			containerPortal = 4099E60325B0005100C1590D /* Project object */;
			proxyType = 1;
			remoteGlobalIDString = 4099E60A25B0005100C1590D;
			remoteInfo = Roshambo;
		};
/* End PBXContainerItemProxy section */

/* Begin PBXFileReference section */
		4099E60B25B0005100C1590D /* Roshambo.app */ = {isa = PBXFileReference; explicitFileType = wrapper.application; includeInIndex = 0; path = Roshambo.app; sourceTree = BUILT_PRODUCTS_DIR; };
		4099E60E25B0005100C1590D /* RoshamboApp.swift */ = {isa = PBXFileReference; lastKnownFileType = sourcecode.swift; path = RoshamboApp.swift; sourceTree = "<group>"; };
		4099E61025B0005100C1590D /* ContentView.swift */ = {isa = PBXFileReference; lastKnownFileType = sourcecode.swift; path = ContentView.swift; sourceTree = "<group>"; };
		4099E61225B0005100C1590D /* Assets.xcassets */ = {isa = PBXFileReference; lastKnownFileType = folder.assetcatalog; path = Assets.xcassets; sourceTree = "<group>"; };
		4099E61525B0005100C1590D /* Preview Assets.xcassets */ = {isa = PBXFileReference; lastKnownFileType = folder.assetcatalog; path = "Preview Assets.xcassets"; sourceTree = "<group>"; };
		4099E61725B0005100C1590D /* Info.plist */ = {isa = PBXFileReference; lastKnownFileType = text.plist.xml; path = Info.plist; sourceTree = "<group>"; };
		4099E61C25B0005100C1590D /* RoshamboTests.xctest */ = {isa = PBXFileReference; explicitFileType = wrapper.cfbundle; includeInIndex = 0; path = RoshamboTests.xctest; sourceTree = BUILT_PRODUCTS_DIR; };
		4099E62025B0005100C1590D /* RoshamboTests.swift */ = {isa = PBXFileReference; lastKnownFileType = sourcecode.swift; path = RoshamboTests.swift; sourceTree = "<group>"; };
		4099E62225B0005100C1590D /* Info.plist */ = {isa = PBXFileReference; lastKnownFileType = text.plist.xml; path = Info.plist; sourceTree = "<group>"; };
		4099E62725B0005100C1590D /* RoshamboUITests.xctest */ = {isa = PBXFileReference; explicitFileType = wrapper.cfbundle; includeInIndex = 0; path = RoshamboUITests.xctest; sourceTree = BUILT_PRODUCTS_DIR; };
		4099E62B25B0005100C1590D /* RoshamboUITests.swift */ = {isa = PBXFileReference; lastKnownFileType = sourcecode.swift; path = RoshamboUITests.swift; sourceTree = "<group>"; };
		4099E62D25B0005100C1590D /* Info.plist */ = {isa = PBXFileReference; lastKnownFileType = text.plist.xml; path = Info.plist; sourceTree = "<group>"; };
/* End PBXFileReference section */

/* Begin PBXFrameworksBuildPhase section */
		4099E60825B0005100C1590D /* Frameworks */ = {
			isa = PBXFrameworksBuildPhase;
			buildActionMask = 2147483647;
			files = (
			);
			runOnlyForDeploymentPostprocessing = 0;
		};
		4099E61925B0005100C1590D /* Frameworks */ = {
			isa = PBXFrameworksBuildPhase;
			buildActionMask = 2147483647;
			files = (
			);
			runOnlyForDeploymentPostprocessing = 0;
		};
		4099E62425B0005100C1590D /* Frameworks */ = {
			isa = PBXFrameworksBuildPhase;
			buildActionMask = 2147483647;
			files = (
			);
			runOnlyForDeploymentPostprocessing = 0;
		};
/* End PBXFrameworksBuildPhase section */

/* Begin PBXGroup section */
		4099E60225B0005100C1590D = {
			isa = PBXGroup;
			children = (
				4099E60D25B0005100C1590D /* Roshambo */,
				4099E61F25B0005100C1590D /* RoshamboTests */,
				4099E62A25B0005100C1590D /* RoshamboUITests */,
				4099E60C25B0005100C1590D /* Products */,
			);
			sourceTree = "<group>";
		};
		4099E60C25B0005100C1590D /* Products */ = {
			isa = PBXGroup;
			children = (
				4099E60B25B0005100C1590D /* Roshambo.app */,
				4099E61C25B0005100C1590D /* RoshamboTests.xctest */,
				4099E62725B0005100C1590D /* RoshamboUITests.xctest */,
			);
			name = Products;
			sourceTree = "<group>";
		};
		4099E60D25B0005100C1590D /* Roshambo */ = {
			isa = PBXGroup;
			children = (
				4099E60E25B0005100C1590D /* RoshamboApp.swift */,
				4099E61025B0005100C1590D /* ContentView.swift */,
				4099E61225B0005100C1590D /* Assets.xcassets */,
				4099E61725B0005100C1590D /* Info.plist */,
				4099E61425B0005100C1590D /* Preview Content */,
			);
			path = Roshambo;
			sourceTree = "<group>";
		};
		4099E61425B0005100C1590D /* Preview Content */ = {
			isa = PBXGroup;
			children = (
				4099E61525B0005100C1590D /* Preview Assets.xcassets */,
			);
			path = "Preview Content";
			sourceTree = "<group>";
		};
		4099E61F25B0005100C1590D /* RoshamboTests */ = {
			isa = PBXGroup;
			children = (
				4099E62025B0005100C1590D /* RoshamboTests.swift */,
				4099E62225B0005100C1590D /* Info.plist */,
			);
			path = RoshamboTests;
			sourceTree = "<group>";
		};
		4099E62A25B0005100C1590D /* RoshamboUITests */ = {
			isa = PBXGroup;
			children = (
				4099E62B25B0005100C1590D /* RoshamboUITests.swift */,
				4099E62D25B0005100C1590D /* Info.plist */,
			);
			path = RoshamboUITests;
			sourceTree = "<group>";
		};
/* End PBXGroup section */

/* Begin PBXNativeTarget section */
		4099E60A25B0005100C1590D /* Roshambo */ = {
			isa = PBXNativeTarget;
			buildConfigurationList = 4099E63025B0005100C1590D /* Build configuration list for PBXNativeTarget "Roshambo" */;
			buildPhases = (
				4099E60725B0005100C1590D /* Sources */,
				4099E60825B0005100C1590D /* Frameworks */,
				4099E60925B0005100C1590D /* Resources */,
			);
			buildRules = (
			);
			dependencies = (
			);
			name = Roshambo;
			productName = Roshambo;
			productReference = 4099E60B25B0005100C1590D /* Roshambo.app */;
			productType = "com.apple.product-type.application";
		};
		4099E61B25B0005100C1590D /* RoshamboTests */ = {
			isa = PBXNativeTarget;
			buildConfigurationList = 4099E63325B0005100C1590D /* Build configuration list for PBXNativeTarget "RoshamboTests" */;
			buildPhases = (
				4099E61825B0005100C1590D /* Sources */,
				4099E61925B0005100C1590D /* Frameworks */,
				4099E61A25B0005100C1590D /* Resources */,
			);
			buildRules = (
			);
			dependencies = (
				4099E61E25B0005100C1590D /* PBXTargetDependency */,
			);
			name = RoshamboTests;
			productName = RoshamboTests;
			productReference = 4099E61C25B0005100C1590D /* RoshamboTests.xctest */;
			productType = "com.apple.product-type.bundle.unit-test";
		};
		4099E62625B0005100C1590D /* RoshamboUITests */ = {
			isa = PBXNativeTarget;
			buildConfigurationList = 4099E63625B0005100C1590D /* Build configuration list for PBXNativeTarget "RoshamboUITests" */;
			buildPhases = (
				4099E62325B0005100C1590D /* Sources */,
				4099E62425B0005100C1590D /* Frameworks */,
				4099E62525B0005100C1590D /* Resources */,
			);
			buildRules = (
			);
			dependencies = (
				4099E62925B0005100C1590D /* PBXTargetDependency */,
			);
			name = RoshamboUITests;
			productName = RoshamboUITests;
			productReference = 4099E62725B0005100C1590D /* RoshamboUITests.xctest */;
			productType = "com.apple.product-type.bundle.ui-testing";
		};
/* End PBXNativeTarget section */

/* Begin PBXProject section */
		4099E60325B0005100C1590D /* Project object */ = {
			isa = PBXProject;
			attributes = {
				LastSwiftUpdateCheck = 1230;
				LastUpgradeCheck = 1230;
				TargetAttributes = {
					4099E60A25B0005100C1590D = {
						CreatedOnToolsVersion = 12.3;
					};
					4099E61B25B0005100C1590D = {
						CreatedOnToolsVersion = 12.3;
						TestTargetID = 4099E60A25B0005100C1590D;
					};
					4099E62625B0005100C1590D = {
						CreatedOnToolsVersion = 12.3;
						TestTargetID = 4099E60A25B0005100C1590D;
					};
				};
			};
			buildConfigurationList = 4099E60625B0005100C1590D /* Build configuration list for PBXProject "Roshambo" */;
			compatibilityVersion = "Xcode 9.3";
			developmentRegion = en;
			hasScannedForEncodings = 0;
			knownRegions = (
				en,
				Base,
			);
			mainGroup = 4099E60225B0005100C1590D;
			productRefGroup = 4099E60C25B0005100C1590D /* Products */;
			projectDirPath = "";
			projectRoot = "";
			targets = (
				4099E60A25B0005100C1590D /* Roshambo */,
				4099E61B25B0005100C1590D /* RoshamboTests */,
				4099E62625B0005100C1590D /* RoshamboUITests */,
			);
		};
/* End PBXProject section */

/* Begin PBXResourcesBuildPhase section */
		4099E60925B0005100C1590D /* Resources */ = {
			isa = PBXResourcesBuildPhase;
			buildActionMask = 2147483647;
			files = (
				4099E61625B0005100C1590D /* Preview Assets.xcassets in Resources */,
				4099E61325B0005100C1590D /* Assets.xcassets in Resources */,
			);
			runOnlyForDeploymentPostprocessing = 0;
		};
		4099E61A25B0005100C1590D /* Resources */ = {
			isa = PBXResourcesBuildPhase;
			buildActionMask = 2147483647;
			files = (
			);
			runOnlyForDeploymentPostprocessing = 0;
		};
		4099E62525B0005100C1590D /* Resources */ = {
			isa = PBXResourcesBuildPhase;
			buildActionMask = 2147483647;
			files = (
			);
			runOnlyForDeploymentPostprocessing = 0;
		};
/* End PBXResourcesBuildPhase section */

/* Begin PBXSourcesBuildPhase section */
		4099E60725B0005100C1590D /* Sources */ = {
			isa = PBXSourcesBuildPhase;
			buildActionMask = 2147483647;
			files = (
				4099E61125B0005100C1590D /* ContentView.swift in Sources */,
				4099E60F25B0005100C1590D /* RoshamboApp.swift in Sources */,
			);
			runOnlyForDeploymentPostprocessing = 0;
		};
		4099E61825B0005100C1590D /* Sources */ = {
			isa = PBXSourcesBuildPhase;
			buildActionMask = 2147483647;
			files = (
				4099E62125B0005100C1590D /* RoshamboTests.swift in Sources */,
			);
			runOnlyForDeploymentPostprocessing = 0;
		};
		4099E62325B0005100C1590D /* Sources */ = {
			isa = PBXSourcesBuildPhase;
			buildActionMask = 2147483647;
			files = (
				4099E62C25B0005100C1590D /* RoshamboUITests.swift in Sources */,
			);
			runOnlyForDeploymentPostprocessing = 0;
		};
/* End PBXSourcesBuildPhase section */

/* Begin PBXTargetDependency section */
		4099E61E25B0005100C1590D /* PBXTargetDependency */ = {
			isa = PBXTargetDependency;
			target = 4099E60A25B0005100C1590D /* Roshambo */;
			targetProxy = 4099E61D25B0005100C1590D /* PBXContainerItemProxy */;
		};
		4099E62925B0005100C1590D /* PBXTargetDependency */ = {
			isa = PBXTargetDependency;
			target = 4099E60A25B0005100C1590D /* Roshambo */;
			targetProxy = 4099E62825B0005100C1590D /* PBXContainerItemProxy */;
		};
/* End PBXTargetDependency section */

/* Begin XCBuildConfiguration section */
		4099E62E25B0005100C1590D /* Debug */ = {
			isa = XCBuildConfiguration;
			buildSettings = {
				ALWAYS_SEARCH_USER_PATHS = NO;
				CLANG_ANALYZER_NONNULL = YES;
				CLANG_ANALYZER_NUMBER_OBJECT_CONVERSION = YES_AGGRESSIVE;
				CLANG_CXX_LANGUAGE_STANDARD = "gnu++14";
				CLANG_CXX_LIBRARY = "libc++";
				CLANG_ENABLE_MODULES = YES;
				CLANG_ENABLE_OBJC_ARC = YES;
				CLANG_ENABLE_OBJC_WEAK = YES;
				CLANG_WARN_BLOCK_CAPTURE_AUTORELEASING = YES;
				CLANG_WARN_BOOL_CONVERSION = YES;
				CLANG_WARN_COMMA = YES;
				CLANG_WARN_CONSTANT_CONVERSION = YES;
				CLANG_WARN_DEPRECATED_OBJC_IMPLEMENTATIONS = YES;
				CLANG_WARN_DIRECT_OBJC_ISA_USAGE = YES_ERROR;
				CLANG_WARN_DOCUMENTATION_COMMENTS = YES;
				CLANG_WARN_EMPTY_BODY = YES;
				CLANG_WARN_ENUM_CONVERSION = YES;
				CLANG_WARN_INFINITE_RECURSION = YES;
				CLANG_WARN_INT_CONVERSION = YES;
				CLANG_WARN_NON_LITERAL_NULL_CONVERSION = YES;
				CLANG_WARN_OBJC_IMPLICIT_RETAIN_SELF = YES;
				CLANG_WARN_OBJC_LITERAL_CONVERSION = YES;
				CLANG_WARN_OBJC_ROOT_CLASS = YES_ERROR;
				CLANG_WARN_QUOTED_INCLUDE_IN_FRAMEWORK_HEADER = YES;
				CLANG_WARN_RANGE_LOOP_ANALYSIS = YES;
				CLANG_WARN_STRICT_PROTOTYPES = YES;
				CLANG_WARN_SUSPICIOUS_MOVE = YES;
				CLANG_WARN_UNGUARDED_AVAILABILITY = YES_AGGRESSIVE;
				CLANG_WARN_UNREACHABLE_CODE = YES;
				CLANG_WARN__DUPLICATE_METHOD_MATCH = YES;
				COPY_PHASE_STRIP = NO;
				DEBUG_INFORMATION_FORMAT = dwarf;
				ENABLE_STRICT_OBJC_MSGSEND = YES;
				ENABLE_TESTABILITY = YES;
				GCC_C_LANGUAGE_STANDARD = gnu11;
				GCC_DYNAMIC_NO_PIC = NO;
				GCC_NO_COMMON_BLOCKS = YES;
				GCC_OPTIMIZATION_LEVEL = 0;
				GCC_PREPROCESSOR_DEFINITIONS = (
					"DEBUG=1",
					"$(inherited)",
				);
				GCC_WARN_64_TO_32_BIT_CONVERSION = YES;
				GCC_WARN_ABOUT_RETURN_TYPE = YES_ERROR;
				GCC_WARN_UNDECLARED_SELECTOR = YES;
				GCC_WARN_UNINITIALIZED_AUTOS = YES_AGGRESSIVE;
				GCC_WARN_UNUSED_FUNCTION = YES;
				GCC_WARN_UNUSED_VARIABLE = YES;
				IPHONEOS_DEPLOYMENT_TARGET = 14.3;
				MTL_ENABLE_DEBUG_INFO = INCLUDE_SOURCE;
				MTL_FAST_MATH = YES;
				ONLY_ACTIVE_ARCH = YES;
				SDKROOT = iphoneos;
				SWIFT_ACTIVE_COMPILATION_CONDITIONS = DEBUG;
				SWIFT_OPTIMIZATION_LEVEL = "-Onone";
			};
			name = Debug;
		};
		4099E62F25B0005100C1590D /* Release */ = {
			isa = XCBuildConfiguration;
			buildSettings = {
				ALWAYS_SEARCH_USER_PATHS = NO;
				CLANG_ANALYZER_NONNULL = YES;
				CLANG_ANALYZER_NUMBER_OBJECT_CONVERSION = YES_AGGRESSIVE;
				CLANG_CXX_LANGUAGE_STANDARD = "gnu++14";
				CLANG_CXX_LIBRARY = "libc++";
				CLANG_ENABLE_MODULES = YES;
				CLANG_ENABLE_OBJC_ARC = YES;
				CLANG_ENABLE_OBJC_WEAK = YES;
				CLANG_WARN_BLOCK_CAPTURE_AUTORELEASING = YES;
				CLANG_WARN_BOOL_CONVERSION = YES;
				CLANG_WARN_COMMA = YES;
				CLANG_WARN_CONSTANT_CONVERSION = YES;
				CLANG_WARN_DEPRECATED_OBJC_IMPLEMENTATIONS = YES;
				CLANG_WARN_DIRECT_OBJC_ISA_USAGE = YES_ERROR;
				CLANG_WARN_DOCUMENTATION_COMMENTS = YES;
				CLANG_WARN_EMPTY_BODY = YES;
				CLANG_WARN_ENUM_CONVERSION = YES;
				CLANG_WARN_INFINITE_RECURSION = YES;
				CLANG_WARN_INT_CONVERSION = YES;
				CLANG_WARN_NON_LITERAL_NULL_CONVERSION = YES;
				CLANG_WARN_OBJC_IMPLICIT_RETAIN_SELF = YES;
				CLANG_WARN_OBJC_LITERAL_CONVERSION = YES;
				CLANG_WARN_OBJC_ROOT_CLASS = YES_ERROR;
				CLANG_WARN_QUOTED_INCLUDE_IN_FRAMEWORK_HEADER = YES;
				CLANG_WARN_RANGE_LOOP_ANALYSIS = YES;
				CLANG_WARN_STRICT_PROTOTYPES = YES;
				CLANG_WARN_SUSPICIOUS_MOVE = YES;
				CLANG_WARN_UNGUARDED_AVAILABILITY = YES_AGGRESSIVE;
				CLANG_WARN_UNREACHABLE_CODE = YES;
				CLANG_WARN__DUPLICATE_METHOD_MATCH = YES;
				COPY_PHASE_STRIP = NO;
				DEBUG_INFORMATION_FORMAT = "dwarf-with-dsym";
				ENABLE_NS_ASSERTIONS = NO;
				ENABLE_STRICT_OBJC_MSGSEND = YES;
				GCC_C_LANGUAGE_STANDARD = gnu11;
				GCC_NO_COMMON_BLOCKS = YES;
				GCC_WARN_64_TO_32_BIT_CONVERSION = YES;
				GCC_WARN_ABOUT_RETURN_TYPE = YES_ERROR;
				GCC_WARN_UNDECLARED_SELECTOR = YES;
				GCC_WARN_UNINITIALIZED_AUTOS = YES_AGGRESSIVE;
				GCC_WARN_UNUSED_FUNCTION = YES;
				GCC_WARN_UNUSED_VARIABLE = YES;
				IPHONEOS_DEPLOYMENT_TARGET = 14.3;
				MTL_ENABLE_DEBUG_INFO = NO;
				MTL_FAST_MATH = YES;
				SDKROOT = iphoneos;
				SWIFT_COMPILATION_MODE = wholemodule;
				SWIFT_OPTIMIZATION_LEVEL = "-O";
				VALIDATE_PRODUCT = YES;
			};
			name = Release;
		};
		4099E63125B0005100C1590D /* Debug */ = {
			isa = XCBuildConfiguration;
			buildSettings = {
				ASSETCATALOG_COMPILER_APPICON_NAME = AppIcon;
				ASSETCATALOG_COMPILER_GLOBAL_ACCENT_COLOR_NAME = AccentColor;
				CODE_SIGN_STYLE = Automatic;
				DEVELOPMENT_ASSET_PATHS = "\"Roshambo/Preview Content\"";
				DEVELOPMENT_TEAM = 8W2UR4Y92M;
				ENABLE_PREVIEWS = YES;
				INFOPLIST_FILE = Roshambo/Info.plist;
				IPHONEOS_DEPLOYMENT_TARGET = 14.0;
				LD_RUNPATH_SEARCH_PATHS = (
					"$(inherited)",
					"@executable_path/Frameworks",
				);
				PRODUCT_BUNDLE_IDENTIFIER = me.ihuettel.Roshambo;
				PRODUCT_NAME = "$(TARGET_NAME)";
				SWIFT_VERSION = 5.0;
				TARGETED_DEVICE_FAMILY = "1,2";
			};
			name = Debug;
		};
		4099E63225B0005100C1590D /* Release */ = {
			isa = XCBuildConfiguration;
			buildSettings = {
				ASSETCATALOG_COMPILER_APPICON_NAME = AppIcon;
				ASSETCATALOG_COMPILER_GLOBAL_ACCENT_COLOR_NAME = AccentColor;
				CODE_SIGN_STYLE = Automatic;
				DEVELOPMENT_ASSET_PATHS = "\"Roshambo/Preview Content\"";
				DEVELOPMENT_TEAM = 8W2UR4Y92M;
				ENABLE_PREVIEWS = YES;
				INFOPLIST_FILE = Roshambo/Info.plist;
				IPHONEOS_DEPLOYMENT_TARGET = 14.0;
				LD_RUNPATH_SEARCH_PATHS = (
					"$(inherited)",
					"@executable_path/Frameworks",
				);
				PRODUCT_BUNDLE_IDENTIFIER = me.ihuettel.Roshambo;
				PRODUCT_NAME = "$(TARGET_NAME)";
				SWIFT_VERSION = 5.0;
				TARGETED_DEVICE_FAMILY = "1,2";
			};
			name = Release;
		};
		4099E63425B0005100C1590D /* Debug */ = {
			isa = XCBuildConfiguration;
			buildSettings = {
				ALWAYS_EMBED_SWIFT_STANDARD_LIBRARIES = YES;
				BUNDLE_LOADER = "$(TEST_HOST)";
				CODE_SIGN_STYLE = Automatic;
				DEVELOPMENT_TEAM = 8W2UR4Y92M;
				INFOPLIST_FILE = RoshamboTests/Info.plist;
				IPHONEOS_DEPLOYMENT_TARGET = 14.0;
				LD_RUNPATH_SEARCH_PATHS = (
					"$(inherited)",
					"@executable_path/Frameworks",
					"@loader_path/Frameworks",
				);
				PRODUCT_BUNDLE_IDENTIFIER = me.ihuettel.RoshamboTests;
				PRODUCT_NAME = "$(TARGET_NAME)";
				SWIFT_VERSION = 5.0;
				TARGETED_DEVICE_FAMILY = "1,2";
				TEST_HOST = "$(BUILT_PRODUCTS_DIR)/Roshambo.app/Roshambo";
			};
			name = Debug;
		};
		4099E63525B0005100C1590D /* Release */ = {
			isa = XCBuildConfiguration;
			buildSettings = {
				ALWAYS_EMBED_SWIFT_STANDARD_LIBRARIES = YES;
				BUNDLE_LOADER = "$(TEST_HOST)";
				CODE_SIGN_STYLE = Automatic;
				DEVELOPMENT_TEAM = 8W2UR4Y92M;
				INFOPLIST_FILE = RoshamboTests/Info.plist;
				IPHONEOS_DEPLOYMENT_TARGET = 14.0;
				LD_RUNPATH_SEARCH_PATHS = (
					"$(inherited)",
					"@executable_path/Frameworks",
					"@loader_path/Frameworks",
				);
				PRODUCT_BUNDLE_IDENTIFIER = me.ihuettel.RoshamboTests;
				PRODUCT_NAME = "$(TARGET_NAME)";
				SWIFT_VERSION = 5.0;
				TARGETED_DEVICE_FAMILY = "1,2";
				TEST_HOST = "$(BUILT_PRODUCTS_DIR)/Roshambo.app/Roshambo";
			};
			name = Release;
		};
		4099E63725B0005100C1590D /* Debug */ = {
			isa = XCBuildConfiguration;
			buildSettings = {
				ALWAYS_EMBED_SWIFT_STANDARD_LIBRARIES = YES;
				CODE_SIGN_STYLE = Automatic;
				DEVELOPMENT_TEAM = 8W2UR4Y92M;
				INFOPLIST_FILE = RoshamboUITests/Info.plist;
				LD_RUNPATH_SEARCH_PATHS = (
					"$(inherited)",
					"@executable_path/Frameworks",
					"@loader_path/Frameworks",
				);
				PRODUCT_BUNDLE_IDENTIFIER = me.ihuettel.RoshamboUITests;
				PRODUCT_NAME = "$(TARGET_NAME)";
				SWIFT_VERSION = 5.0;
				TARGETED_DEVICE_FAMILY = "1,2";
				TEST_TARGET_NAME = Roshambo;
			};
			name = Debug;
		};
		4099E63825B0005100C1590D /* Release */ = {
			isa = XCBuildConfiguration;
			buildSettings = {
				ALWAYS_EMBED_SWIFT_STANDARD_LIBRARIES = YES;
				CODE_SIGN_STYLE = Automatic;
				DEVELOPMENT_TEAM = 8W2UR4Y92M;
				INFOPLIST_FILE = RoshamboUITests/Info.plist;
				LD_RUNPATH_SEARCH_PATHS = (
					"$(inherited)",
					"@executable_path/Frameworks",
					"@loader_path/Frameworks",
				);
				PRODUCT_BUNDLE_IDENTIFIER = me.ihuettel.RoshamboUITests;
				PRODUCT_NAME = "$(TARGET_NAME)";
				SWIFT_VERSION = 5.0;
				TARGETED_DEVICE_FAMILY = "1,2";
				TEST_TARGET_NAME = Roshambo;
			};
			name = Release;
		};
/* End XCBuildConfiguration section */

/* Begin XCConfigurationList section */
		4099E60625B0005100C1590D /* Build configuration list for PBXProject "Roshambo" */ = {
			isa = XCConfigurationList;
			buildConfigurations = (
				4099E62E25B0005100C1590D /* Debug */,
				4099E62F25B0005100C1590D /* Release */,
			);
			defaultConfigurationIsVisible = 0;
			defaultConfigurationName = Release;
		};
		4099E63025B0005100C1590D /* Build configuration list for PBXNativeTarget "Roshambo" */ = {
			isa = XCConfigurationList;
			buildConfigurations = (
				4099E63125B0005100C1590D /* Debug */,
				4099E63225B0005100C1590D /* Release */,
			);
			defaultConfigurationIsVisible = 0;
			defaultConfigurationName = Release;
		};
		4099E63325B0005100C1590D /* Build configuration list for PBXNativeTarget "RoshamboTests" */ = {
			isa = XCConfigurationList;
			buildConfigurations = (
				4099E63425B0005100C1590D /* Debug */,
				4099E63525B0005100C1590D /* Release */,
			);
			defaultConfigurationIsVisible = 0;
			defaultConfigurationName = Release;
		};
		4099E63625B0005100C1590D /* Build configuration list for PBXNativeTarget "RoshamboUITests" */ = {
			isa = XCConfigurationList;
			buildConfigurations = (
				4099E63725B0005100C1590D /* Debug */,
				4099E63825B0005100C1590D /* Release */,
			);
			defaultConfigurationIsVisible = 0;
			defaultConfigurationName = Release;
		};
/* End XCConfigurationList section */
	};
	rootObject = 4099E60325B0005100C1590D /* Project object */;
}
