// !$*UTF8*$!
{
	archiveVersion = 1;
	classes = {
	};
	objectVersion = 50;
	objects = {

/* Begin PBXBuildFile section */
		4095034325B77D7500CD5A0A /* ProductFarmsApp.swift in Sources */ = {isa = PBXBuildFile; fileRef = 4095034225B77D7500CD5A0A /* ProductFarmsApp.swift */; };
		4095034525B77D7500CD5A0A /* ContentView.swift in Sources */ = {isa = PBXBuildFile; fileRef = 4095034425B77D7500CD5A0A /* ContentView.swift */; };
		4095034725B77D7500CD5A0A /* Assets.xcassets in Resources */ = {isa = PBXBuildFile; fileRef = 4095034625B77D7500CD5A0A /* Assets.xcassets */; };
		4095034A25B77D7500CD5A0A /* Preview Assets.xcassets in Resources */ = {isa = PBXBuildFile; fileRef = 4095034925B77D7500CD5A0A /* Preview Assets.xcassets */; };
		4095035525B77D7500CD5A0A /* ProductFarmsTests.swift in Sources */ = {isa = PBXBuildFile; fileRef = 4095035425B77D7500CD5A0A /* ProductFarmsTests.swift */; };
		4095036025B77D7500CD5A0A /* ProductFarmsUITests.swift in Sources */ = {isa = PBXBuildFile; fileRef = 4095035F25B77D7500CD5A0A /* ProductFarmsUITests.swift */; };
/* End PBXBuildFile section */

/* Begin PBXContainerItemProxy section */
		4095035125B77D7500CD5A0A /* PBXContainerItemProxy */ = {
			isa = PBXContainerItemProxy;
			containerPortal = 4095033725B77D7500CD5A0A /* Project object */;
			proxyType = 1;
			remoteGlobalIDString = 4095033E25B77D7500CD5A0A;
			remoteInfo = ProductFarms;
		};
		4095035C25B77D7500CD5A0A /* PBXContainerItemProxy */ = {
			isa = PBXContainerItemProxy;
			containerPortal = 4095033725B77D7500CD5A0A /* Project object */;
			proxyType = 1;
			remoteGlobalIDString = 4095033E25B77D7500CD5A0A;
			remoteInfo = ProductFarms;
		};
/* End PBXContainerItemProxy section */

/* Begin PBXFileReference section */
		4095033F25B77D7500CD5A0A /* ProductFarms.app */ = {isa = PBXFileReference; explicitFileType = wrapper.application; includeInIndex = 0; path = ProductFarms.app; sourceTree = BUILT_PRODUCTS_DIR; };
		4095034225B77D7500CD5A0A /* ProductFarmsApp.swift */ = {isa = PBXFileReference; lastKnownFileType = sourcecode.swift; path = ProductFarmsApp.swift; sourceTree = "<group>"; };
		4095034425B77D7500CD5A0A /* ContentView.swift */ = {isa = PBXFileReference; lastKnownFileType = sourcecode.swift; path = ContentView.swift; sourceTree = "<group>"; };
		4095034625B77D7500CD5A0A /* Assets.xcassets */ = {isa = PBXFileReference; lastKnownFileType = folder.assetcatalog; path = Assets.xcassets; sourceTree = "<group>"; };
		4095034925B77D7500CD5A0A /* Preview Assets.xcassets */ = {isa = PBXFileReference; lastKnownFileType = folder.assetcatalog; path = "Preview Assets.xcassets"; sourceTree = "<group>"; };
		4095034B25B77D7500CD5A0A /* Info.plist */ = {isa = PBXFileReference; lastKnownFileType = text.plist.xml; path = Info.plist; sourceTree = "<group>"; };
		4095035025B77D7500CD5A0A /* ProductFarmsTests.xctest */ = {isa = PBXFileReference; explicitFileType = wrapper.cfbundle; includeInIndex = 0; path = ProductFarmsTests.xctest; sourceTree = BUILT_PRODUCTS_DIR; };
		4095035425B77D7500CD5A0A /* ProductFarmsTests.swift */ = {isa = PBXFileReference; lastKnownFileType = sourcecode.swift; path = ProductFarmsTests.swift; sourceTree = "<group>"; };
		4095035625B77D7500CD5A0A /* Info.plist */ = {isa = PBXFileReference; lastKnownFileType = text.plist.xml; path = Info.plist; sourceTree = "<group>"; };
		4095035B25B77D7500CD5A0A /* ProductFarmsUITests.xctest */ = {isa = PBXFileReference; explicitFileType = wrapper.cfbundle; includeInIndex = 0; path = ProductFarmsUITests.xctest; sourceTree = BUILT_PRODUCTS_DIR; };
		4095035F25B77D7500CD5A0A /* ProductFarmsUITests.swift */ = {isa = PBXFileReference; lastKnownFileType = sourcecode.swift; path = ProductFarmsUITests.swift; sourceTree = "<group>"; };
		4095036125B77D7500CD5A0A /* Info.plist */ = {isa = PBXFileReference; lastKnownFileType = text.plist.xml; path = Info.plist; sourceTree = "<group>"; };
/* End PBXFileReference section */

/* Begin PBXFrameworksBuildPhase section */
		4095033C25B77D7500CD5A0A /* Frameworks */ = {
			isa = PBXFrameworksBuildPhase;
			buildActionMask = 2147483647;
			files = (
			);
			runOnlyForDeploymentPostprocessing = 0;
		};
		4095034D25B77D7500CD5A0A /* Frameworks */ = {
			isa = PBXFrameworksBuildPhase;
			buildActionMask = 2147483647;
			files = (
			);
			runOnlyForDeploymentPostprocessing = 0;
		};
		4095035825B77D7500CD5A0A /* Frameworks */ = {
			isa = PBXFrameworksBuildPhase;
			buildActionMask = 2147483647;
			files = (
			);
			runOnlyForDeploymentPostprocessing = 0;
		};
/* End PBXFrameworksBuildPhase section */

/* Begin PBXGroup section */
		4095033625B77D7500CD5A0A = {
			isa = PBXGroup;
			children = (
				4095034125B77D7500CD5A0A /* ProductFarms */,
				4095035325B77D7500CD5A0A /* ProductFarmsTests */,
				4095035E25B77D7500CD5A0A /* ProductFarmsUITests */,
				4095034025B77D7500CD5A0A /* Products */,
			);
			sourceTree = "<group>";
		};
		4095034025B77D7500CD5A0A /* Products */ = {
			isa = PBXGroup;
			children = (
				4095033F25B77D7500CD5A0A /* ProductFarms.app */,
				4095035025B77D7500CD5A0A /* ProductFarmsTests.xctest */,
				4095035B25B77D7500CD5A0A /* ProductFarmsUITests.xctest */,
			);
			name = Products;
			sourceTree = "<group>";
		};
		4095034125B77D7500CD5A0A /* ProductFarms */ = {
			isa = PBXGroup;
			children = (
				4095034225B77D7500CD5A0A /* ProductFarmsApp.swift */,
				4095034425B77D7500CD5A0A /* ContentView.swift */,
				4095034625B77D7500CD5A0A /* Assets.xcassets */,
				4095034B25B77D7500CD5A0A /* Info.plist */,
				4095034825B77D7500CD5A0A /* Preview Content */,
			);
			path = ProductFarms;
			sourceTree = "<group>";
		};
		4095034825B77D7500CD5A0A /* Preview Content */ = {
			isa = PBXGroup;
			children = (
				4095034925B77D7500CD5A0A /* Preview Assets.xcassets */,
			);
			path = "Preview Content";
			sourceTree = "<group>";
		};
		4095035325B77D7500CD5A0A /* ProductFarmsTests */ = {
			isa = PBXGroup;
			children = (
				4095035425B77D7500CD5A0A /* ProductFarmsTests.swift */,
				4095035625B77D7500CD5A0A /* Info.plist */,
			);
			path = ProductFarmsTests;
			sourceTree = "<group>";
		};
		4095035E25B77D7500CD5A0A /* ProductFarmsUITests */ = {
			isa = PBXGroup;
			children = (
				4095035F25B77D7500CD5A0A /* ProductFarmsUITests.swift */,
				4095036125B77D7500CD5A0A /* Info.plist */,
			);
			path = ProductFarmsUITests;
			sourceTree = "<group>";
		};
/* End PBXGroup section */

/* Begin PBXNativeTarget section */
		4095033E25B77D7500CD5A0A /* ProductFarms */ = {
			isa = PBXNativeTarget;
			buildConfigurationList = 4095036425B77D7500CD5A0A /* Build configuration list for PBXNativeTarget "ProductFarms" */;
			buildPhases = (
				4095033B25B77D7500CD5A0A /* Sources */,
				4095033C25B77D7500CD5A0A /* Frameworks */,
				4095033D25B77D7500CD5A0A /* Resources */,
			);
			buildRules = (
			);
			dependencies = (
			);
			name = ProductFarms;
			productName = ProductFarms;
			productReference = 4095033F25B77D7500CD5A0A /* ProductFarms.app */;
			productType = "com.apple.product-type.application";
		};
		4095034F25B77D7500CD5A0A /* ProductFarmsTests */ = {
			isa = PBXNativeTarget;
			buildConfigurationList = 4095036725B77D7500CD5A0A /* Build configuration list for PBXNativeTarget "ProductFarmsTests" */;
			buildPhases = (
				4095034C25B77D7500CD5A0A /* Sources */,
				4095034D25B77D7500CD5A0A /* Frameworks */,
				4095034E25B77D7500CD5A0A /* Resources */,
			);
			buildRules = (
			);
			dependencies = (
				4095035225B77D7500CD5A0A /* PBXTargetDependency */,
			);
			name = ProductFarmsTests;
			productName = ProductFarmsTests;
			productReference = 4095035025B77D7500CD5A0A /* ProductFarmsTests.xctest */;
			productType = "com.apple.product-type.bundle.unit-test";
		};
		4095035A25B77D7500CD5A0A /* ProductFarmsUITests */ = {
			isa = PBXNativeTarget;
			buildConfigurationList = 4095036A25B77D7500CD5A0A /* Build configuration list for PBXNativeTarget "ProductFarmsUITests" */;
			buildPhases = (
				4095035725B77D7500CD5A0A /* Sources */,
				4095035825B77D7500CD5A0A /* Frameworks */,
				4095035925B77D7500CD5A0A /* Resources */,
			);
			buildRules = (
			);
			dependencies = (
				4095035D25B77D7500CD5A0A /* PBXTargetDependency */,
			);
			name = ProductFarmsUITests;
			productName = ProductFarmsUITests;
			productReference = 4095035B25B77D7500CD5A0A /* ProductFarmsUITests.xctest */;
			productType = "com.apple.product-type.bundle.ui-testing";
		};
/* End PBXNativeTarget section */

/* Begin PBXProject section */
		4095033725B77D7500CD5A0A /* Project object */ = {
			isa = PBXProject;
			attributes = {
				LastSwiftUpdateCheck = 1230;
				LastUpgradeCheck = 1230;
				TargetAttributes = {
					4095033E25B77D7500CD5A0A = {
						CreatedOnToolsVersion = 12.3;
					};
					4095034F25B77D7500CD5A0A = {
						CreatedOnToolsVersion = 12.3;
						TestTargetID = 4095033E25B77D7500CD5A0A;
					};
					4095035A25B77D7500CD5A0A = {
						CreatedOnToolsVersion = 12.3;
						TestTargetID = 4095033E25B77D7500CD5A0A;
					};
				};
			};
			buildConfigurationList = 4095033A25B77D7500CD5A0A /* Build configuration list for PBXProject "ProductFarms" */;
			compatibilityVersion = "Xcode 9.3";
			developmentRegion = en;
			hasScannedForEncodings = 0;
			knownRegions = (
				en,
				Base,
			);
			mainGroup = 4095033625B77D7500CD5A0A;
			productRefGroup = 4095034025B77D7500CD5A0A /* Products */;
			projectDirPath = "";
			projectRoot = "";
			targets = (
				4095033E25B77D7500CD5A0A /* ProductFarms */,
				4095034F25B77D7500CD5A0A /* ProductFarmsTests */,
				4095035A25B77D7500CD5A0A /* ProductFarmsUITests */,
			);
		};
/* End PBXProject section */

/* Begin PBXResourcesBuildPhase section */
		4095033D25B77D7500CD5A0A /* Resources */ = {
			isa = PBXResourcesBuildPhase;
			buildActionMask = 2147483647;
			files = (
				4095034A25B77D7500CD5A0A /* Preview Assets.xcassets in Resources */,
				4095034725B77D7500CD5A0A /* Assets.xcassets in Resources */,
			);
			runOnlyForDeploymentPostprocessing = 0;
		};
		4095034E25B77D7500CD5A0A /* Resources */ = {
			isa = PBXResourcesBuildPhase;
			buildActionMask = 2147483647;
			files = (
			);
			runOnlyForDeploymentPostprocessing = 0;
		};
		4095035925B77D7500CD5A0A /* Resources */ = {
			isa = PBXResourcesBuildPhase;
			buildActionMask = 2147483647;
			files = (
			);
			runOnlyForDeploymentPostprocessing = 0;
		};
/* End PBXResourcesBuildPhase section */

/* Begin PBXSourcesBuildPhase section */
		4095033B25B77D7500CD5A0A /* Sources */ = {
			isa = PBXSourcesBuildPhase;
			buildActionMask = 2147483647;
			files = (
				4095034525B77D7500CD5A0A /* ContentView.swift in Sources */,
				4095034325B77D7500CD5A0A /* ProductFarmsApp.swift in Sources */,
			);
			runOnlyForDeploymentPostprocessing = 0;
		};
		4095034C25B77D7500CD5A0A /* Sources */ = {
			isa = PBXSourcesBuildPhase;
			buildActionMask = 2147483647;
			files = (
				4095035525B77D7500CD5A0A /* ProductFarmsTests.swift in Sources */,
			);
			runOnlyForDeploymentPostprocessing = 0;
		};
		4095035725B77D7500CD5A0A /* Sources */ = {
			isa = PBXSourcesBuildPhase;
			buildActionMask = 2147483647;
			files = (
				4095036025B77D7500CD5A0A /* ProductFarmsUITests.swift in Sources */,
			);
			runOnlyForDeploymentPostprocessing = 0;
		};
/* End PBXSourcesBuildPhase section */

/* Begin PBXTargetDependency section */
		4095035225B77D7500CD5A0A /* PBXTargetDependency */ = {
			isa = PBXTargetDependency;
			target = 4095033E25B77D7500CD5A0A /* ProductFarms */;
			targetProxy = 4095035125B77D7500CD5A0A /* PBXContainerItemProxy */;
		};
		4095035D25B77D7500CD5A0A /* PBXTargetDependency */ = {
			isa = PBXTargetDependency;
			target = 4095033E25B77D7500CD5A0A /* ProductFarms */;
			targetProxy = 4095035C25B77D7500CD5A0A /* PBXContainerItemProxy */;
		};
/* End PBXTargetDependency section */

/* Begin XCBuildConfiguration section */
		4095036225B77D7500CD5A0A /* Debug */ = {
			isa = XCBuildConfiguration;
			buildSettings = {
				ALWAYS_SEARCH_USER_PATHS = NO;
				CLANG_ANALYZER_NONNULL = YES;
				CLANG_ANALYZER_NUMBER_OBJECT_CONVERSION = YES_AGGRESSIVE;
				CLANG_CXX_LANGUAGE_STANDARD = "gnu++14";
				CLANG_CXX_LIBRARY = "libc++";
				CLANG_ENABLE_MODULES = YES;
				CLANG_ENABLE_OBJC_ARC = YES;
				CLANG_ENABLE_OBJC_WEAK = YES;
				CLANG_WARN_BLOCK_CAPTURE_AUTORELEASING = YES;
				CLANG_WARN_BOOL_CONVERSION = YES;
				CLANG_WARN_COMMA = YES;
				CLANG_WARN_CONSTANT_CONVERSION = YES;
				CLANG_WARN_DEPRECATED_OBJC_IMPLEMENTATIONS = YES;
				CLANG_WARN_DIRECT_OBJC_ISA_USAGE = YES_ERROR;
				CLANG_WARN_DOCUMENTATION_COMMENTS = YES;
				CLANG_WARN_EMPTY_BODY = YES;
				CLANG_WARN_ENUM_CONVERSION = YES;
				CLANG_WARN_INFINITE_RECURSION = YES;
				CLANG_WARN_INT_CONVERSION = YES;
				CLANG_WARN_NON_LITERAL_NULL_CONVERSION = YES;
				CLANG_WARN_OBJC_IMPLICIT_RETAIN_SELF = YES;
				CLANG_WARN_OBJC_LITERAL_CONVERSION = YES;
				CLANG_WARN_OBJC_ROOT_CLASS = YES_ERROR;
				CLANG_WARN_QUOTED_INCLUDE_IN_FRAMEWORK_HEADER = YES;
				CLANG_WARN_RANGE_LOOP_ANALYSIS = YES;
				CLANG_WARN_STRICT_PROTOTYPES = YES;
				CLANG_WARN_SUSPICIOUS_MOVE = YES;
				CLANG_WARN_UNGUARDED_AVAILABILITY = YES_AGGRESSIVE;
				CLANG_WARN_UNREACHABLE_CODE = YES;
				CLANG_WARN__DUPLICATE_METHOD_MATCH = YES;
				COPY_PHASE_STRIP = NO;
				DEBUG_INFORMATION_FORMAT = dwarf;
				ENABLE_STRICT_OBJC_MSGSEND = YES;
				ENABLE_TESTABILITY = YES;
				GCC_C_LANGUAGE_STANDARD = gnu11;
				GCC_DYNAMIC_NO_PIC = NO;
				GCC_NO_COMMON_BLOCKS = YES;
				GCC_OPTIMIZATION_LEVEL = 0;
				GCC_PREPROCESSOR_DEFINITIONS = (
					"DEBUG=1",
					"$(inherited)",
				);
				GCC_WARN_64_TO_32_BIT_CONVERSION = YES;
				GCC_WARN_ABOUT_RETURN_TYPE = YES_ERROR;
				GCC_WARN_UNDECLARED_SELECTOR = YES;
				GCC_WARN_UNINITIALIZED_AUTOS = YES_AGGRESSIVE;
				GCC_WARN_UNUSED_FUNCTION = YES;
				GCC_WARN_UNUSED_VARIABLE = YES;
				IPHONEOS_DEPLOYMENT_TARGET = 14.3;
				MTL_ENABLE_DEBUG_INFO = INCLUDE_SOURCE;
				MTL_FAST_MATH = YES;
				ONLY_ACTIVE_ARCH = YES;
				SDKROOT = iphoneos;
				SWIFT_ACTIVE_COMPILATION_CONDITIONS = DEBUG;
				SWIFT_OPTIMIZATION_LEVEL = "-Onone";
			};
			name = Debug;
		};
		4095036325B77D7500CD5A0A /* Release */ = {
			isa = XCBuildConfiguration;
			buildSettings = {
				ALWAYS_SEARCH_USER_PATHS = NO;
				CLANG_ANALYZER_NONNULL = YES;
				CLANG_ANALYZER_NUMBER_OBJECT_CONVERSION = YES_AGGRESSIVE;
				CLANG_CXX_LANGUAGE_STANDARD = "gnu++14";
				CLANG_CXX_LIBRARY = "libc++";
				CLANG_ENABLE_MODULES = YES;
				CLANG_ENABLE_OBJC_ARC = YES;
				CLANG_ENABLE_OBJC_WEAK = YES;
				CLANG_WARN_BLOCK_CAPTURE_AUTORELEASING = YES;
				CLANG_WARN_BOOL_CONVERSION = YES;
				CLANG_WARN_COMMA = YES;
				CLANG_WARN_CONSTANT_CONVERSION = YES;
				CLANG_WARN_DEPRECATED_OBJC_IMPLEMENTATIONS = YES;
				CLANG_WARN_DIRECT_OBJC_ISA_USAGE = YES_ERROR;
				CLANG_WARN_DOCUMENTATION_COMMENTS = YES;
				CLANG_WARN_EMPTY_BODY = YES;
				CLANG_WARN_ENUM_CONVERSION = YES;
				CLANG_WARN_INFINITE_RECURSION = YES;
				CLANG_WARN_INT_CONVERSION = YES;
				CLANG_WARN_NON_LITERAL_NULL_CONVERSION = YES;
				CLANG_WARN_OBJC_IMPLICIT_RETAIN_SELF = YES;
				CLANG_WARN_OBJC_LITERAL_CONVERSION = YES;
				CLANG_WARN_OBJC_ROOT_CLASS = YES_ERROR;
				CLANG_WARN_QUOTED_INCLUDE_IN_FRAMEWORK_HEADER = YES;
				CLANG_WARN_RANGE_LOOP_ANALYSIS = YES;
				CLANG_WARN_STRICT_PROTOTYPES = YES;
				CLANG_WARN_SUSPICIOUS_MOVE = YES;
				CLANG_WARN_UNGUARDED_AVAILABILITY = YES_AGGRESSIVE;
				CLANG_WARN_UNREACHABLE_CODE = YES;
				CLANG_WARN__DUPLICATE_METHOD_MATCH = YES;
				COPY_PHASE_STRIP = NO;
				DEBUG_INFORMATION_FORMAT = "dwarf-with-dsym";
				ENABLE_NS_ASSERTIONS = NO;
				ENABLE_STRICT_OBJC_MSGSEND = YES;
				GCC_C_LANGUAGE_STANDARD = gnu11;
				GCC_NO_COMMON_BLOCKS = YES;
				GCC_WARN_64_TO_32_BIT_CONVERSION = YES;
				GCC_WARN_ABOUT_RETURN_TYPE = YES_ERROR;
				GCC_WARN_UNDECLARED_SELECTOR = YES;
				GCC_WARN_UNINITIALIZED_AUTOS = YES_AGGRESSIVE;
				GCC_WARN_UNUSED_FUNCTION = YES;
				GCC_WARN_UNUSED_VARIABLE = YES;
				IPHONEOS_DEPLOYMENT_TARGET = 14.3;
				MTL_ENABLE_DEBUG_INFO = NO;
				MTL_FAST_MATH = YES;
				SDKROOT = iphoneos;
				SWIFT_COMPILATION_MODE = wholemodule;
				SWIFT_OPTIMIZATION_LEVEL = "-O";
				VALIDATE_PRODUCT = YES;
			};
			name = Release;
		};
		4095036525B77D7500CD5A0A /* Debug */ = {
			isa = XCBuildConfiguration;
			buildSettings = {
				ASSETCATALOG_COMPILER_APPICON_NAME = AppIcon;
				ASSETCATALOG_COMPILER_GLOBAL_ACCENT_COLOR_NAME = AccentColor;
				CODE_SIGN_STYLE = Automatic;
				DEVELOPMENT_ASSET_PATHS = "\"ProductFarms/Preview Content\"";
				DEVELOPMENT_TEAM = 8W2UR4Y92M;
				ENABLE_PREVIEWS = YES;
				INFOPLIST_FILE = ProductFarms/Info.plist;
				IPHONEOS_DEPLOYMENT_TARGET = 14.0;
				LD_RUNPATH_SEARCH_PATHS = (
					"$(inherited)",
					"@executable_path/Frameworks",
				);
				PRODUCT_BUNDLE_IDENTIFIER = me.ihuettel.ProductFarms;
				PRODUCT_NAME = "$(TARGET_NAME)";
				SWIFT_VERSION = 5.0;
				TARGETED_DEVICE_FAMILY = "1,2";
			};
			name = Debug;
		};
		4095036625B77D7500CD5A0A /* Release */ = {
			isa = XCBuildConfiguration;
			buildSettings = {
				ASSETCATALOG_COMPILER_APPICON_NAME = AppIcon;
				ASSETCATALOG_COMPILER_GLOBAL_ACCENT_COLOR_NAME = AccentColor;
				CODE_SIGN_STYLE = Automatic;
				DEVELOPMENT_ASSET_PATHS = "\"ProductFarms/Preview Content\"";
				DEVELOPMENT_TEAM = 8W2UR4Y92M;
				ENABLE_PREVIEWS = YES;
				INFOPLIST_FILE = ProductFarms/Info.plist;
				IPHONEOS_DEPLOYMENT_TARGET = 14.0;
				LD_RUNPATH_SEARCH_PATHS = (
					"$(inherited)",
					"@executable_path/Frameworks",
				);
				PRODUCT_BUNDLE_IDENTIFIER = me.ihuettel.ProductFarms;
				PRODUCT_NAME = "$(TARGET_NAME)";
				SWIFT_VERSION = 5.0;
				TARGETED_DEVICE_FAMILY = "1,2";
			};
			name = Release;
		};
		4095036825B77D7500CD5A0A /* Debug */ = {
			isa = XCBuildConfiguration;
			buildSettings = {
				ALWAYS_EMBED_SWIFT_STANDARD_LIBRARIES = YES;
				BUNDLE_LOADER = "$(TEST_HOST)";
				CODE_SIGN_STYLE = Automatic;
				DEVELOPMENT_TEAM = 8W2UR4Y92M;
				INFOPLIST_FILE = ProductFarmsTests/Info.plist;
				IPHONEOS_DEPLOYMENT_TARGET = 14.0;
				LD_RUNPATH_SEARCH_PATHS = (
					"$(inherited)",
					"@executable_path/Frameworks",
					"@loader_path/Frameworks",
				);
				PRODUCT_BUNDLE_IDENTIFIER = me.ihuettel.ProductFarmsTests;
				PRODUCT_NAME = "$(TARGET_NAME)";
				SWIFT_VERSION = 5.0;
				TARGETED_DEVICE_FAMILY = "1,2";
				TEST_HOST = "$(BUILT_PRODUCTS_DIR)/ProductFarms.app/ProductFarms";
			};
			name = Debug;
		};
		4095036925B77D7500CD5A0A /* Release */ = {
			isa = XCBuildConfiguration;
			buildSettings = {
				ALWAYS_EMBED_SWIFT_STANDARD_LIBRARIES = YES;
				BUNDLE_LOADER = "$(TEST_HOST)";
				CODE_SIGN_STYLE = Automatic;
				DEVELOPMENT_TEAM = 8W2UR4Y92M;
				INFOPLIST_FILE = ProductFarmsTests/Info.plist;
				IPHONEOS_DEPLOYMENT_TARGET = 14.0;
				LD_RUNPATH_SEARCH_PATHS = (
					"$(inherited)",
					"@executable_path/Frameworks",
					"@loader_path/Frameworks",
				);
				PRODUCT_BUNDLE_IDENTIFIER = me.ihuettel.ProductFarmsTests;
				PRODUCT_NAME = "$(TARGET_NAME)";
				SWIFT_VERSION = 5.0;
				TARGETED_DEVICE_FAMILY = "1,2";
				TEST_HOST = "$(BUILT_PRODUCTS_DIR)/ProductFarms.app/ProductFarms";
			};
			name = Release;
		};
		4095036B25B77D7500CD5A0A /* Debug */ = {
			isa = XCBuildConfiguration;
			buildSettings = {
				ALWAYS_EMBED_SWIFT_STANDARD_LIBRARIES = YES;
				CODE_SIGN_STYLE = Automatic;
				DEVELOPMENT_TEAM = 8W2UR4Y92M;
				INFOPLIST_FILE = ProductFarmsUITests/Info.plist;
				LD_RUNPATH_SEARCH_PATHS = (
					"$(inherited)",
					"@executable_path/Frameworks",
					"@loader_path/Frameworks",
				);
				PRODUCT_BUNDLE_IDENTIFIER = me.ihuettel.ProductFarmsUITests;
				PRODUCT_NAME = "$(TARGET_NAME)";
				SWIFT_VERSION = 5.0;
				TARGETED_DEVICE_FAMILY = "1,2";
				TEST_TARGET_NAME = ProductFarms;
			};
			name = Debug;
		};
		4095036C25B77D7500CD5A0A /* Release */ = {
			isa = XCBuildConfiguration;
			buildSettings = {
				ALWAYS_EMBED_SWIFT_STANDARD_LIBRARIES = YES;
				CODE_SIGN_STYLE = Automatic;
				DEVELOPMENT_TEAM = 8W2UR4Y92M;
				INFOPLIST_FILE = ProductFarmsUITests/Info.plist;
				LD_RUNPATH_SEARCH_PATHS = (
					"$(inherited)",
					"@executable_path/Frameworks",
					"@loader_path/Frameworks",
				);
				PRODUCT_BUNDLE_IDENTIFIER = me.ihuettel.ProductFarmsUITests;
				PRODUCT_NAME = "$(TARGET_NAME)";
				SWIFT_VERSION = 5.0;
				TARGETED_DEVICE_FAMILY = "1,2";
				TEST_TARGET_NAME = ProductFarms;
			};
			name = Release;
		};
/* End XCBuildConfiguration section */

/* Begin XCConfigurationList section */
		4095033A25B77D7500CD5A0A /* Build configuration list for PBXProject "ProductFarms" */ = {
			isa = XCConfigurationList;
			buildConfigurations = (
				4095036225B77D7500CD5A0A /* Debug */,
				4095036325B77D7500CD5A0A /* Release */,
			);
			defaultConfigurationIsVisible = 0;
			defaultConfigurationName = Release;
		};
		4095036425B77D7500CD5A0A /* Build configuration list for PBXNativeTarget "ProductFarms" */ = {
			isa = XCConfigurationList;
			buildConfigurations = (
				4095036525B77D7500CD5A0A /* Debug */,
				4095036625B77D7500CD5A0A /* Release */,
			);
			defaultConfigurationIsVisible = 0;
			defaultConfigurationName = Release;
		};
		4095036725B77D7500CD5A0A /* Build configuration list for PBXNativeTarget "ProductFarmsTests" */ = {
			isa = XCConfigurationList;
			buildConfigurations = (
				4095036825B77D7500CD5A0A /* Debug */,
				4095036925B77D7500CD5A0A /* Release */,
			);
			defaultConfigurationIsVisible = 0;
			defaultConfigurationName = Release;
		};
		4095036A25B77D7500CD5A0A /* Build configuration list for PBXNativeTarget "ProductFarmsUITests" */ = {
			isa = XCConfigurationList;
			buildConfigurations = (
				4095036B25B77D7500CD5A0A /* Debug */,
				4095036C25B77D7500CD5A0A /* Release */,
			);
			defaultConfigurationIsVisible = 0;
			defaultConfigurationName = Release;
		};
/* End XCConfigurationList section */
	};
	rootObject = 4095033725B77D7500CD5A0A /* Project object */;
}
